
Microsoft Visual Studio Solution File, Format Version 12.00
# Visual Studio 2012
Project("{8BC9CEB8-8B4A-11D0-8D11-00A0C91BC942}") = "Lab_10", "Lab_10\Lab_10.vcxproj", "{AEACB3DE-022E-4EBF-B628-C702E52224F9}"
EndProject
Global
	GlobalSection(SolutionConfigurationPlatforms) = preSolution
		Debug|Win32 = Debug|Win32
		Release|Win32 = Release|Win32
	EndGlobalSection
	GlobalSection(ProjectConfigurationPlatforms) = postSolution
		{AEACB3DE-022E-4EBF-B628-C702E52224F9}.Debug|Win32.ActiveCfg = Debug|Win32
		{AEACB3DE-022E-4EBF-B628-C702E52224F9}.Debug|Win32.Build.0 = Debug|Win32
		{AEACB3DE-022E-4EBF-B628-C702E52224F9}.Release|Win32.ActiveCfg = Release|Win32
		{AEACB3DE-022E-4EBF-B628-C702E52224F9}.Release|Win32.Build.0 = Release|Win32
	EndGlobalSection
	GlobalSection(SolutionProperties) = preSolution
		HideSolutionNode = FALSE
	EndGlobalSection
EndGlobal
